
Microsoft Visual Studio Solution File, Format Version 11.00
# Visual Studio 2010
Project("{FAE04EC0-301F-11D3-BF4B-00C04F79EFBC}") = "AvalonWizard.netfx35", "AvalonWizard\AvalonWizard.netfx35.csproj", "{7AD7E729-2FB0-4452-9889-21F9FD41FBB7}"
EndProject
Project("{FAE04EC0-301F-11D3-BF4B-00C04F79EFBC}") = "AvalonWizardSample.netfx35", "AvalonWizardSample\AvalonWizardSample.netfx35.csproj", "{48A037FC-EB3C-4A76-A132-C0D9235A372E}"
EndProject
Project("{FAE04EC0-301F-11D3-BF4B-00C04F79EFBC}") = "AvalonWizard.netfx35.Design", "AvalonWizard.Design\AvalonWizard.netfx35.Design.csproj", "{0EB3EBCB-A998-4DEA-A78D-C15AE28AC068}"
EndProject
Project("{2150E333-8FDC-42A3-9474-1A3956D46DE8}") = ".Net 3.5", ".Net 3.5", "{2658E799-54B3-4B71-BC71-EB72E0026632}"
EndProject
Project("{2150E333-8FDC-42A3-9474-1A3956D46DE8}") = ".Net 4.0", ".Net 4.0", "{700F7768-2DC2-4D23-8159-5CD3A1CAED04}"
EndProject
Project("{FAE04EC0-301F-11D3-BF4B-00C04F79EFBC}") = "AvalonWizard.netfx40", "AvalonWizard\AvalonWizard.netfx40.csproj", "{C77BABE4-5B91-4AF0-BA4A-C6D0CC355F40}"
EndProject
Project("{FAE04EC0-301F-11D3-BF4B-00C04F79EFBC}") = "AvalonWizard.netfx40.Design", "AvalonWizard.Design\AvalonWizard.netfx40.Design.csproj", "{8818490B-3839-4DF6-A6AA-0FAEAADCF7FC}"
EndProject
Project("{2150E333-8FDC-42A3-9474-1A3956D46DE8}") = "Installer", "Installer", "{059CECC5-8A31-40E5-8DA3-66B44BD55D29}"
EndProject
Project("{FAE04EC0-301F-11D3-BF4B-00C04F79EFBC}") = "AvalonWizardSample.netfx40", "AvalonWizardSample\AvalonWizardSample.netfx40.csproj", "{635289D5-0448-4CA9-BB2B-F45BCE2ECDB1}"
EndProject
Project("{930C7802-8A8C-48F9-8165-68863BCCD9DD}") = "AvalonWizard.Install", "AvalonWizard.Install\AvalonWizard.Install.wixproj", "{A206D73B-5196-4BE9-AB4C-9ACF285B98EA}"
EndProject
Global
	GlobalSection(SolutionConfigurationPlatforms) = preSolution
		Debug|Any CPU = Debug|Any CPU
		Debug|Mixed Platforms = Debug|Mixed Platforms
		Debug|x86 = Debug|x86
		Release|Any CPU = Release|Any CPU
		Release|Mixed Platforms = Release|Mixed Platforms
		Release|x86 = Release|x86
	EndGlobalSection
	GlobalSection(ProjectConfigurationPlatforms) = postSolution
		{7AD7E729-2FB0-4452-9889-21F9FD41FBB7}.Debug|Any CPU.ActiveCfg = Debug|Any CPU
		{7AD7E729-2FB0-4452-9889-21F9FD41FBB7}.Debug|Any CPU.Build.0 = Debug|Any CPU
		{7AD7E729-2FB0-4452-9889-21F9FD41FBB7}.Debug|Mixed Platforms.ActiveCfg = Debug|Any CPU
		{7AD7E729-2FB0-4452-9889-21F9FD41FBB7}.Debug|Mixed Platforms.Build.0 = Debug|Any CPU
		{7AD7E729-2FB0-4452-9889-21F9FD41FBB7}.Debug|x86.ActiveCfg = Debug|Any CPU
		{7AD7E729-2FB0-4452-9889-21F9FD41FBB7}.Release|Any CPU.ActiveCfg = Release|Any CPU
		{7AD7E729-2FB0-4452-9889-21F9FD41FBB7}.Release|Any CPU.Build.0 = Release|Any CPU
		{7AD7E729-2FB0-4452-9889-21F9FD41FBB7}.Release|Mixed Platforms.ActiveCfg = Release|Any CPU
		{7AD7E729-2FB0-4452-9889-21F9FD41FBB7}.Release|Mixed Platforms.Build.0 = Release|Any CPU
		{7AD7E729-2FB0-4452-9889-21F9FD41FBB7}.Release|x86.ActiveCfg = Release|Any CPU
		{48A037FC-EB3C-4A76-A132-C0D9235A372E}.Debug|Any CPU.ActiveCfg = Debug|x86
		{48A037FC-EB3C-4A76-A132-C0D9235A372E}.Debug|Mixed Platforms.ActiveCfg = Debug|x86
		{48A037FC-EB3C-4A76-A132-C0D9235A372E}.Debug|Mixed Platforms.Build.0 = Debug|x86
		{48A037FC-EB3C-4A76-A132-C0D9235A372E}.Debug|x86.ActiveCfg = Debug|x86
		{48A037FC-EB3C-4A76-A132-C0D9235A372E}.Debug|x86.Build.0 = Debug|x86
		{48A037FC-EB3C-4A76-A132-C0D9235A372E}.Release|Any CPU.ActiveCfg = Release|x86
		{48A037FC-EB3C-4A76-A132-C0D9235A372E}.Release|Mixed Platforms.ActiveCfg = Release|x86
		{48A037FC-EB3C-4A76-A132-C0D9235A372E}.Release|Mixed Platforms.Build.0 = Release|x86
		{48A037FC-EB3C-4A76-A132-C0D9235A372E}.Release|x86.ActiveCfg = Release|x86
		{48A037FC-EB3C-4A76-A132-C0D9235A372E}.Release|x86.Build.0 = Release|x86
		{0EB3EBCB-A998-4DEA-A78D-C15AE28AC068}.Debug|Any CPU.ActiveCfg = Debug|Any CPU
		{0EB3EBCB-A998-4DEA-A78D-C15AE28AC068}.Debug|Any CPU.Build.0 = Debug|Any CPU
		{0EB3EBCB-A998-4DEA-A78D-C15AE28AC068}.Debug|Mixed Platforms.ActiveCfg = Debug|Any CPU
		{0EB3EBCB-A998-4DEA-A78D-C15AE28AC068}.Debug|Mixed Platforms.Build.0 = Debug|Any CPU
		{0EB3EBCB-A998-4DEA-A78D-C15AE28AC068}.Debug|x86.ActiveCfg = Debug|Any CPU
		{0EB3EBCB-A998-4DEA-A78D-C15AE28AC068}.Release|Any CPU.ActiveCfg = Release|Any CPU
		{0EB3EBCB-A998-4DEA-A78D-C15AE28AC068}.Release|Any CPU.Build.0 = Release|Any CPU
		{0EB3EBCB-A998-4DEA-A78D-C15AE28AC068}.Release|Mixed Platforms.ActiveCfg = Release|Any CPU
		{0EB3EBCB-A998-4DEA-A78D-C15AE28AC068}.Release|Mixed Platforms.Build.0 = Release|Any CPU
		{0EB3EBCB-A998-4DEA-A78D-C15AE28AC068}.Release|x86.ActiveCfg = Release|Any CPU
		{C77BABE4-5B91-4AF0-BA4A-C6D0CC355F40}.Debug|Any CPU.ActiveCfg = Debug|Any CPU
		{C77BABE4-5B91-4AF0-BA4A-C6D0CC355F40}.Debug|Any CPU.Build.0 = Debug|Any CPU
		{C77BABE4-5B91-4AF0-BA4A-C6D0CC355F40}.Debug|Mixed Platforms.ActiveCfg = Debug|Any CPU
		{C77BABE4-5B91-4AF0-BA4A-C6D0CC355F40}.Debug|Mixed Platforms.Build.0 = Debug|Any CPU
		{C77BABE4-5B91-4AF0-BA4A-C6D0CC355F40}.Debug|x86.ActiveCfg = Debug|Any CPU
		{C77BABE4-5B91-4AF0-BA4A-C6D0CC355F40}.Release|Any CPU.ActiveCfg = Release|Any CPU
		{C77BABE4-5B91-4AF0-BA4A-C6D0CC355F40}.Release|Any CPU.Build.0 = Release|Any CPU
		{C77BABE4-5B91-4AF0-BA4A-C6D0CC355F40}.Release|Mixed Platforms.ActiveCfg = Release|Any CPU
		{C77BABE4-5B91-4AF0-BA4A-C6D0CC355F40}.Release|Mixed Platforms.Build.0 = Release|Any CPU
		{C77BABE4-5B91-4AF0-BA4A-C6D0CC355F40}.Release|x86.ActiveCfg = Release|Any CPU
		{8818490B-3839-4DF6-A6AA-0FAEAADCF7FC}.Debug|Any CPU.ActiveCfg = Debug|Any CPU
		{8818490B-3839-4DF6-A6AA-0FAEAADCF7FC}.Debug|Any CPU.Build.0 = Debug|Any CPU
		{8818490B-3839-4DF6-A6AA-0FAEAADCF7FC}.Debug|Mixed Platforms.ActiveCfg = Debug|Any CPU
		{8818490B-3839-4DF6-A6AA-0FAEAADCF7FC}.Debug|Mixed Platforms.Build.0 = Debug|Any CPU
		{8818490B-3839-4DF6-A6AA-0FAEAADCF7FC}.Debug|x86.ActiveCfg = Debug|Any CPU
		{8818490B-3839-4DF6-A6AA-0FAEAADCF7FC}.Release|Any CPU.ActiveCfg = Release|Any CPU
		{8818490B-3839-4DF6-A6AA-0FAEAADCF7FC}.Release|Any CPU.Build.0 = Release|Any CPU
		{8818490B-3839-4DF6-A6AA-0FAEAADCF7FC}.Release|Mixed Platforms.ActiveCfg = Release|Any CPU
		{8818490B-3839-4DF6-A6AA-0FAEAADCF7FC}.Release|Mixed Platforms.Build.0 = Release|Any CPU
		{8818490B-3839-4DF6-A6AA-0FAEAADCF7FC}.Release|x86.ActiveCfg = Release|Any CPU
		{635289D5-0448-4CA9-BB2B-F45BCE2ECDB1}.Debug|Any CPU.ActiveCfg = Debug|x86
		{635289D5-0448-4CA9-BB2B-F45BCE2ECDB1}.Debug|Mixed Platforms.ActiveCfg = Debug|x86
		{635289D5-0448-4CA9-BB2B-F45BCE2ECDB1}.Debug|Mixed Platforms.Build.0 = Debug|x86
		{635289D5-0448-4CA9-BB2B-F45BCE2ECDB1}.Debug|x86.ActiveCfg = Debug|x86
		{635289D5-0448-4CA9-BB2B-F45BCE2ECDB1}.Debug|x86.Build.0 = Debug|x86
		{635289D5-0448-4CA9-BB2B-F45BCE2ECDB1}.Release|Any CPU.ActiveCfg = Release|x86
		{635289D5-0448-4CA9-BB2B-F45BCE2ECDB1}.Release|Mixed Platforms.ActiveCfg = Release|x86
		{635289D5-0448-4CA9-BB2B-F45BCE2ECDB1}.Release|Mixed Platforms.Build.0 = Release|x86
		{635289D5-0448-4CA9-BB2B-F45BCE2ECDB1}.Release|x86.ActiveCfg = Release|x86
		{635289D5-0448-4CA9-BB2B-F45BCE2ECDB1}.Release|x86.Build.0 = Release|x86
		{A206D73B-5196-4BE9-AB4C-9ACF285B98EA}.Debug|Any CPU.ActiveCfg = Debug|x86
		{A206D73B-5196-4BE9-AB4C-9ACF285B98EA}.Debug|Mixed Platforms.ActiveCfg = Debug|x86
		{A206D73B-5196-4BE9-AB4C-9ACF285B98EA}.Debug|x86.ActiveCfg = Debug|x86
		{A206D73B-5196-4BE9-AB4C-9ACF285B98EA}.Debug|x86.Build.0 = Debug|x86
		{A206D73B-5196-4BE9-AB4C-9ACF285B98EA}.Release|Any CPU.ActiveCfg = Release|x86
		{A206D73B-5196-4BE9-AB4C-9ACF285B98EA}.Release|Mixed Platforms.ActiveCfg = Release|x86
		{A206D73B-5196-4BE9-AB4C-9ACF285B98EA}.Release|Mixed Platforms.Build.0 = Release|x86
		{A206D73B-5196-4BE9-AB4C-9ACF285B98EA}.Release|x86.ActiveCfg = Release|x86
		{A206D73B-5196-4BE9-AB4C-9ACF285B98EA}.Release|x86.Build.0 = Release|x86
	EndGlobalSection
	GlobalSection(SolutionProperties) = preSolution
		HideSolutionNode = FALSE
	EndGlobalSection
	GlobalSection(NestedProjects) = preSolution
		{7AD7E729-2FB0-4452-9889-21F9FD41FBB7} = {2658E799-54B3-4B71-BC71-EB72E0026632}
		{48A037FC-EB3C-4A76-A132-C0D9235A372E} = {2658E799-54B3-4B71-BC71-EB72E0026632}
		{0EB3EBCB-A998-4DEA-A78D-C15AE28AC068} = {2658E799-54B3-4B71-BC71-EB72E0026632}
		{C77BABE4-5B91-4AF0-BA4A-C6D0CC355F40} = {700F7768-2DC2-4D23-8159-5CD3A1CAED04}
		{8818490B-3839-4DF6-A6AA-0FAEAADCF7FC} = {700F7768-2DC2-4D23-8159-5CD3A1CAED04}
		{635289D5-0448-4CA9-BB2B-F45BCE2ECDB1} = {700F7768-2DC2-4D23-8159-5CD3A1CAED04}
		{A206D73B-5196-4BE9-AB4C-9ACF285B98EA} = {059CECC5-8A31-40E5-8DA3-66B44BD55D29}
	EndGlobalSection
EndGlobal
